{
  "nodes": {
    "dnsprotocol": {
      "inputs": {
        "flakeNimbleLib": [
          "resolv-master",
          "flakeNimbleLib"
        ],
        "nixpkgs": [
          "resolv-master",
          "nixpkgs"
        ],
        "src-dnsprotocol-main": "src-dnsprotocol-main",
        "stew": "stew"
      },
      "locked": {
        "dir": "main",
        "lastModified": 1662003491,
        "narHash": "sha256-eu1/M/p5xvCJHVgM7Ww8bsyFqGSK1foel7IEDWvRnao=",
        "owner": "nim-nix-pkgs",
        "repo": "dnsprotocol",
        "rev": "1beecfc655646ffd5c8ec4a63f0d19701e34fdab",
        "type": "github"
      },
      "original": {
        "dir": "main",
        "owner": "nim-nix-pkgs",
        "ref": "master",
        "repo": "dnsprotocol",
        "type": "github"
      }
    },
    "flakeNimbleLib": {
      "inputs": {
        "nixpkgs": [
          "nixpkgs"
        ]
      },
      "locked": {
        "lastModified": 1662018438,
        "narHash": "sha256-QtNtU6+LX3Wokxf0zlFwKTFOcn6TeDjKQZ+DA9OYtvM=",
        "owner": "riinr",
        "repo": "nim-flakes-lib",
        "rev": "b1fe8340736e3a85d25c709ac3dfd82a55c03cbf",
        "type": "github"
      },
      "original": {
        "owner": "riinr",
        "ref": "master",
        "repo": "nim-flakes-lib",
        "type": "github"
      }
    },
    "nixpkgs": {
      "locked": {
        "lastModified": 1667110639,
        "narHash": "sha256-4FbPESZ5LbqQxkJJJBAfk/zKgF9h/4kyUwjjpJwYlbc=",
        "owner": "NixOS",
        "repo": "nixpkgs",
        "rev": "f38a1f04d1bec1feb61fd101a0539ae2002a7087",
        "type": "github"
      },
      "original": {
        "id": "nixpkgs",
        "type": "indirect"
      }
    },
    "resolv-master": {
      "inputs": {
        "dnsprotocol": "dnsprotocol",
        "flakeNimbleLib": [
          "flakeNimbleLib"
        ],
        "nixpkgs": [
          "nixpkgs"
        ],
        "src-resolv-master": "src-resolv-master"
      },
      "locked": {
        "dir": "master",
        "lastModified": 1662732862,
        "narHash": "sha256-9j2+c9Abkr9bPBzeysmVRau4exdrG1qVah/qDjkjLD4=",
        "owner": "nim-nix-pkgs",
        "repo": "resolv",
        "rev": "c2ff643ee72d1df8aab3042b8dcd1da1ec6154e3",
        "type": "github"
      },
      "original": {
        "dir": "master",
        "owner": "nim-nix-pkgs",
        "ref": "master",
        "repo": "resolv",
        "type": "github"
      }
    },
    "root": {
      "inputs": {
        "flakeNimbleLib": "flakeNimbleLib",
        "nixpkgs": "nixpkgs",
        "resolv-master": "resolv-master"
      }
    },
    "src-dnsprotocol-main": {
      "flake": false,
      "locked": {
        "lastModified": 1625196233,
        "narHash": "sha256-di8Ky9rYRVAmH3E8oJZbv70xNkf3gSLerpXhcV10MPE=",
        "owner": "rockcavera",
        "repo": "nim-dnsprotocol",
        "rev": "2cc2292005ca62e82333ceca26752bb4ae6e545e",
        "type": "github"
      },
      "original": {
        "owner": "rockcavera",
        "ref": "refs/heads/main",
        "repo": "nim-dnsprotocol",
        "type": "github"
      }
    },
    "src-resolv-master": {
      "flake": false,
      "locked": {
        "lastModified": 1625158828,
        "narHash": "sha256-w/T+jvnCmklI88UlVnqqsum2a6Plgym2qdiSp5ENhQQ=",
        "owner": "mildred",
        "repo": "resolv.nim",
        "rev": "bcddd47a813872233ec62424278480f01638cb44",
        "type": "github"
      },
      "original": {
        "owner": "mildred",
        "ref": "refs/heads/master",
        "repo": "resolv.nim",
        "type": "github"
      }
    },
    "src-stew-master": {
      "flake": false,
      "locked": {
        "lastModified": 1660856247,
        "narHash": "sha256-zzvwBqjxlofblDarxy8sPqJU13FbSaYA4L5jUOu8uNs=",
        "owner": "status-im",
        "repo": "nim-stew",
        "rev": "018760954a1530b7336aed7133393908875d860f",
        "type": "github"
      },
      "original": {
        "owner": "status-im",
        "ref": "refs/heads/master",
        "repo": "nim-stew",
        "type": "github"
      }
    },
    "stew": {
      "inputs": {
        "flakeNimbleLib": [
          "resolv-master",
          "dnsprotocol",
          "flakeNimbleLib"
        ],
        "nixpkgs": [
          "resolv-master",
          "dnsprotocol",
          "nixpkgs"
        ],
        "src-stew-master": "src-stew-master"
      },
      "locked": {
        "dir": "master",
        "lastModified": 1662003069,
        "narHash": "sha256-3hprCN7zRlicWdz8r5ww+2T5R3vF1N8GKRFVPXvs+pM=",
        "owner": "nim-nix-pkgs",
        "repo": "stew",
        "rev": "f53ba6924022686590b7d2104b47a938c68aa90d",
        "type": "github"
      },
      "original": {
        "dir": "master",
        "owner": "nim-nix-pkgs",
        "ref": "master",
        "repo": "stew",
        "type": "github"
      }
    }
  },
  "root": "root",
  "version": 7
}
